// !$*UTF8*$!
{
	archiveVersion = 1;
	classes = {
	};
	objectVersion = 50;
	objects = {

/* Begin PBXBuildFile section */
		882862262183047700BDB83E /* BaseModel.m in Sources */ = {isa = PBXBuildFile; fileRef = 882862252183047700BDB83E /* BaseModel.m */; };
		883C4FF2215B5F3100426B73 /* emotion.txt in Resources */ = {isa = PBXBuildFile; fileRef = 883C4FF0215B5F3000426B73 /* emotion.txt */; };
		883C4FF3215B5F3100426B73 /* words.txt in Resources */ = {isa = PBXBuildFile; fileRef = 883C4FF1215B5F3100426B73 /* words.txt */; };
		888AB8D4215229E100FFDB92 /* AppDelegate.m in Sources */ = {isa = PBXBuildFile; fileRef = 888AB8D3215229E100FFDB92 /* AppDelegate.m */; };
		888AB8D7215229E100FFDB92 /* ViewController.m in Sources */ = {isa = PBXBuildFile; fileRef = 888AB8D6215229E100FFDB92 /* ViewController.m */; };
		888AB8DA215229E100FFDB92 /* Main.storyboard in Resources */ = {isa = PBXBuildFile; fileRef = 888AB8D8215229E100FFDB92 /* Main.storyboard */; };
		888AB8DC215229E200FFDB92 /* Assets.xcassets in Resources */ = {isa = PBXBuildFile; fileRef = 888AB8DB215229E200FFDB92 /* Assets.xcassets */; };
		888AB8DF215229E200FFDB92 /* LaunchScreen.storyboard in Resources */ = {isa = PBXBuildFile; fileRef = 888AB8DD215229E200FFDB92 /* LaunchScreen.storyboard */; };
		888AB8E2215229E200FFDB92 /* main.m in Sources */ = {isa = PBXBuildFile; fileRef = 888AB8E1215229E200FFDB92 /* main.m */; };
		888AB8EC215229E200FFDB92 /* EmojiKeyBoardTests.m in Sources */ = {isa = PBXBuildFile; fileRef = 888AB8EB215229E200FFDB92 /* EmojiKeyBoardTests.m */; };
		888AB8F7215229E200FFDB92 /* EmojiKeyBoardUITests.m in Sources */ = {isa = PBXBuildFile; fileRef = 888AB8F6215229E200FFDB92 /* EmojiKeyBoardUITests.m */; };
		888AB906215245B100FFDB92 /* EmojiKeyboardView.m in Sources */ = {isa = PBXBuildFile; fileRef = 888AB905215245B100FFDB92 /* EmojiKeyboardView.m */; };
		888AB9092152480E00FFDB92 /* EmojiItem.m in Sources */ = {isa = PBXBuildFile; fileRef = 888AB9082152480E00FFDB92 /* EmojiItem.m */; };
		888AB90E215248C800FFDB92 /* emoji.plist in Resources */ = {isa = PBXBuildFile; fileRef = 888AB90D215248C800FFDB92 /* emoji.plist */; };
		888ABAEE2153735100FFDB92 /* EmojiItemViewCell.m in Sources */ = {isa = PBXBuildFile; fileRef = 888ABAED2153735100FFDB92 /* EmojiItemViewCell.m */; };
		888ABAF12159CAE500FFDB92 /* EmojiCategory.m in Sources */ = {isa = PBXBuildFile; fileRef = 888ABAF02159CAE500FFDB92 /* EmojiCategory.m */; };
		888CD9A8216095B300EC258D /* libMasonry.a in Frameworks */ = {isa = PBXBuildFile; fileRef = 888CD9A7216095B300EC258D /* libMasonry.a */; };
		88E225DC217467DB002063E6 /* SlideLineButton.m in Sources */ = {isa = PBXBuildFile; fileRef = 88E225DB217467DB002063E6 /* SlideLineButton.m */; };
/* End PBXBuildFile section */

/* Begin PBXContainerItemProxy section */
		888AB8E8215229E200FFDB92 /* PBXContainerItemProxy */ = {
			isa = PBXContainerItemProxy;
			containerPortal = 888AB8C7215229E100FFDB92 /* Project object */;
			proxyType = 1;
			remoteGlobalIDString = 888AB8CE215229E100FFDB92;
			remoteInfo = EmojiKeyBoard;
		};
		888AB8F3215229E200FFDB92 /* PBXContainerItemProxy */ = {
			isa = PBXContainerItemProxy;
			containerPortal = 888AB8C7215229E100FFDB92 /* Project object */;
			proxyType = 1;
			remoteGlobalIDString = 888AB8CE215229E100FFDB92;
			remoteInfo = EmojiKeyBoard;
		};
/* End PBXContainerItemProxy section */

/* Begin PBXFileReference section */
		10A041DAF0D7C38C1EFA8F8E /* Pods-EmojiKeyBoard.debug.xcconfig */ = {isa = PBXFileReference; includeInIndex = 1; lastKnownFileType = text.xcconfig; name = "Pods-EmojiKeyBoard.debug.xcconfig"; path = "Pods/Target Support Files/Pods-EmojiKeyBoard/Pods-EmojiKeyBoard.debug.xcconfig"; sourceTree = "<group>"; };
		6EC1D35EE74EA94F39A21CAE /* Pods-EmojiKeyBoardTests.release.xcconfig */ = {isa = PBXFileReference; includeInIndex = 1; lastKnownFileType = text.xcconfig; name = "Pods-EmojiKeyBoardTests.release.xcconfig"; path = "Pods/Target Support Files/Pods-EmojiKeyBoardTests/Pods-EmojiKeyBoardTests.release.xcconfig"; sourceTree = "<group>"; };
		796EB23E15737C8699E3EAFC /* Pods-EmojiKeyBoardTests.debug.xcconfig */ = {isa = PBXFileReference; includeInIndex = 1; lastKnownFileType = text.xcconfig; name = "Pods-EmojiKeyBoardTests.debug.xcconfig"; path = "Pods/Target Support Files/Pods-EmojiKeyBoardTests/Pods-EmojiKeyBoardTests.debug.xcconfig"; sourceTree = "<group>"; };
		7F45F7CD32A50A64022CAE25 /* Pods-EmojiKeyBoardUITests.release.xcconfig */ = {isa = PBXFileReference; includeInIndex = 1; lastKnownFileType = text.xcconfig; name = "Pods-EmojiKeyBoardUITests.release.xcconfig"; path = "Pods/Target Support Files/Pods-EmojiKeyBoardUITests/Pods-EmojiKeyBoardUITests.release.xcconfig"; sourceTree = "<group>"; };
		80174B85EFEF11081E248BAF /* Pods-EmojiKeyBoardUITests.debug.xcconfig */ = {isa = PBXFileReference; includeInIndex = 1; lastKnownFileType = text.xcconfig; name = "Pods-EmojiKeyBoardUITests.debug.xcconfig"; path = "Pods/Target Support Files/Pods-EmojiKeyBoardUITests/Pods-EmojiKeyBoardUITests.debug.xcconfig"; sourceTree = "<group>"; };
		882862242183047700BDB83E /* BaseModel.h */ = {isa = PBXFileReference; fileEncoding = 4; lastKnownFileType = sourcecode.c.h; path = BaseModel.h; sourceTree = "<group>"; };
		882862252183047700BDB83E /* BaseModel.m */ = {isa = PBXFileReference; fileEncoding = 4; lastKnownFileType = sourcecode.c.objc; path = BaseModel.m; sourceTree = "<group>"; };
		883C4FF0215B5F3000426B73 /* emotion.txt */ = {isa = PBXFileReference; fileEncoding = 4; lastKnownFileType = text; path = emotion.txt; sourceTree = "<group>"; };
		883C4FF1215B5F3100426B73 /* words.txt */ = {isa = PBXFileReference; fileEncoding = 4; lastKnownFileType = text; path = words.txt; sourceTree = "<group>"; };
		888AB8CF215229E100FFDB92 /* EmojiKeyBoard.app */ = {isa = PBXFileReference; explicitFileType = wrapper.application; includeInIndex = 0; path = EmojiKeyBoard.app; sourceTree = BUILT_PRODUCTS_DIR; };
		888AB8D2215229E100FFDB92 /* AppDelegate.h */ = {isa = PBXFileReference; lastKnownFileType = sourcecode.c.h; path = AppDelegate.h; sourceTree = "<group>"; };
		888AB8D3215229E100FFDB92 /* AppDelegate.m */ = {isa = PBXFileReference; lastKnownFileType = sourcecode.c.objc; path = AppDelegate.m; sourceTree = "<group>"; };
		888AB8D5215229E100FFDB92 /* ViewController.h */ = {isa = PBXFileReference; lastKnownFileType = sourcecode.c.h; path = ViewController.h; sourceTree = "<group>"; };
		888AB8D6215229E100FFDB92 /* ViewController.m */ = {isa = PBXFileReference; lastKnownFileType = sourcecode.c.objc; path = ViewController.m; sourceTree = "<group>"; };
		888AB8D9215229E100FFDB92 /* Base */ = {isa = PBXFileReference; lastKnownFileType = file.storyboard; name = Base; path = Base.lproj/Main.storyboard; sourceTree = "<group>"; };
		888AB8DB215229E200FFDB92 /* Assets.xcassets */ = {isa = PBXFileReference; lastKnownFileType = folder.assetcatalog; path = Assets.xcassets; sourceTree = "<group>"; };
		888AB8DE215229E200FFDB92 /* Base */ = {isa = PBXFileReference; lastKnownFileType = file.storyboard; name = Base; path = Base.lproj/LaunchScreen.storyboard; sourceTree = "<group>"; };
		888AB8E0215229E200FFDB92 /* Info.plist */ = {isa = PBXFileReference; lastKnownFileType = text.plist.xml; path = Info.plist; sourceTree = "<group>"; };
		888AB8E1215229E200FFDB92 /* main.m */ = {isa = PBXFileReference; lastKnownFileType = sourcecode.c.objc; path = main.m; sourceTree = "<group>"; };
		888AB8E7215229E200FFDB92 /* EmojiKeyBoardTests.xctest */ = {isa = PBXFileReference; explicitFileType = wrapper.cfbundle; includeInIndex = 0; path = EmojiKeyBoardTests.xctest; sourceTree = BUILT_PRODUCTS_DIR; };
		888AB8EB215229E200FFDB92 /* EmojiKeyBoardTests.m */ = {isa = PBXFileReference; lastKnownFileType = sourcecode.c.objc; path = EmojiKeyBoardTests.m; sourceTree = "<group>"; };
		888AB8ED215229E200FFDB92 /* Info.plist */ = {isa = PBXFileReference; lastKnownFileType = text.plist.xml; path = Info.plist; sourceTree = "<group>"; };
		888AB8F2215229E200FFDB92 /* EmojiKeyBoardUITests.xctest */ = {isa = PBXFileReference; explicitFileType = wrapper.cfbundle; includeInIndex = 0; path = EmojiKeyBoardUITests.xctest; sourceTree = BUILT_PRODUCTS_DIR; };
		888AB8F6215229E200FFDB92 /* EmojiKeyBoardUITests.m */ = {isa = PBXFileReference; lastKnownFileType = sourcecode.c.objc; path = EmojiKeyBoardUITests.m; sourceTree = "<group>"; };
		888AB8F8215229E200FFDB92 /* Info.plist */ = {isa = PBXFileReference; lastKnownFileType = text.plist.xml; path = Info.plist; sourceTree = "<group>"; };
		888AB904215245B100FFDB92 /* EmojiKeyboardView.h */ = {isa = PBXFileReference; lastKnownFileType = sourcecode.c.h; path = EmojiKeyboardView.h; sourceTree = "<group>"; };
		888AB905215245B100FFDB92 /* EmojiKeyboardView.m */ = {isa = PBXFileReference; lastKnownFileType = sourcecode.c.objc; path = EmojiKeyboardView.m; sourceTree = "<group>"; };
		888AB9072152480E00FFDB92 /* EmojiItem.h */ = {isa = PBXFileReference; lastKnownFileType = sourcecode.c.h; path = EmojiItem.h; sourceTree = "<group>"; };
		888AB9082152480E00FFDB92 /* EmojiItem.m */ = {isa = PBXFileReference; lastKnownFileType = sourcecode.c.objc; path = EmojiItem.m; sourceTree = "<group>"; };
		888AB90D215248C800FFDB92 /* emoji.plist */ = {isa = PBXFileReference; fileEncoding = 4; lastKnownFileType = text.plist.xml; path = emoji.plist; sourceTree = "<group>"; };
		888ABAEC2153735100FFDB92 /* EmojiItemViewCell.h */ = {isa = PBXFileReference; lastKnownFileType = sourcecode.c.h; path = EmojiItemViewCell.h; sourceTree = "<group>"; };
		888ABAED2153735100FFDB92 /* EmojiItemViewCell.m */ = {isa = PBXFileReference; lastKnownFileType = sourcecode.c.objc; path = EmojiItemViewCell.m; sourceTree = "<group>"; };
		888ABAEF2159CAE500FFDB92 /* EmojiCategory.h */ = {isa = PBXFileReference; lastKnownFileType = sourcecode.c.h; path = EmojiCategory.h; sourceTree = "<group>"; };
		888ABAF02159CAE500FFDB92 /* EmojiCategory.m */ = {isa = PBXFileReference; lastKnownFileType = sourcecode.c.objc; path = EmojiCategory.m; sourceTree = "<group>"; };
		888CD9A7216095B300EC258D /* libMasonry.a */ = {isa = PBXFileReference; explicitFileType = archive.ar; path = libMasonry.a; sourceTree = BUILT_PRODUCTS_DIR; };
		88E225DA217467DB002063E6 /* SlideLineButton.h */ = {isa = PBXFileReference; lastKnownFileType = sourcecode.c.h; path = SlideLineButton.h; sourceTree = "<group>"; };
		88E225DB217467DB002063E6 /* SlideLineButton.m */ = {isa = PBXFileReference; lastKnownFileType = sourcecode.c.objc; path = SlideLineButton.m; sourceTree = "<group>"; };
		E80BECB6BF5E20FB9B076552 /* Pods-EmojiKeyBoard.release.xcconfig */ = {isa = PBXFileReference; includeInIndex = 1; lastKnownFileType = text.xcconfig; name = "Pods-EmojiKeyBoard.release.xcconfig"; path = "Pods/Target Support Files/Pods-EmojiKeyBoard/Pods-EmojiKeyBoard.release.xcconfig"; sourceTree = "<group>"; };
/* End PBXFileReference section */

/* Begin PBXFrameworksBuildPhase section */
		888AB8CC215229E100FFDB92 /* Frameworks */ = {
			isa = PBXFrameworksBuildPhase;
			buildActionMask = 2147483647;
			files = (
				888CD9A8216095B300EC258D /* libMasonry.a in Frameworks */,
			);
			runOnlyForDeploymentPostprocessing = 0;
		};
		888AB8E4215229E200FFDB92 /* Frameworks */ = {
			isa = PBXFrameworksBuildPhase;
			buildActionMask = 2147483647;
			files = (
			);
			runOnlyForDeploymentPostprocessing = 0;
		};
		888AB8EF215229E200FFDB92 /* Frameworks */ = {
			isa = PBXFrameworksBuildPhase;
			buildActionMask = 2147483647;
			files = (
			);
			runOnlyForDeploymentPostprocessing = 0;
		};
/* End PBXFrameworksBuildPhase section */

/* Begin PBXGroup section */
		291533FBF5582C7ADFDF2AFF /* Frameworks */ = {
			isa = PBXGroup;
			children = (
				888CD9A7216095B300EC258D /* libMasonry.a */,
			);
			name = Frameworks;
			sourceTree = "<group>";
		};
		888AB8C6215229E100FFDB92 = {
			isa = PBXGroup;
			children = (
				888AB8D1215229E100FFDB92 /* EmojiKeyBoard */,
				888AB8EA215229E200FFDB92 /* EmojiKeyBoardTests */,
				888AB8F5215229E200FFDB92 /* EmojiKeyBoardUITests */,
				888AB8D0215229E100FFDB92 /* Products */,
				D0FAF7BF0999E5A19675CCFE /* Pods */,
				291533FBF5582C7ADFDF2AFF /* Frameworks */,
			);
			sourceTree = "<group>";
		};
		888AB8D0215229E100FFDB92 /* Products */ = {
			isa = PBXGroup;
			children = (
				888AB8CF215229E100FFDB92 /* EmojiKeyBoard.app */,
				888AB8E7215229E200FFDB92 /* EmojiKeyBoardTests.xctest */,
				888AB8F2215229E200FFDB92 /* EmojiKeyBoardUITests.xctest */,
			);
			name = Products;
			sourceTree = "<group>";
		};
		888AB8D1215229E100FFDB92 /* EmojiKeyBoard */ = {
			isa = PBXGroup;
			children = (
				883C4FF0215B5F3000426B73 /* emotion.txt */,
				883C4FF1215B5F3100426B73 /* words.txt */,
				888AB90B2152482000FFDB92 /* EmojiKeyBoard */,
				888AB8D2215229E100FFDB92 /* AppDelegate.h */,
				888AB8D3215229E100FFDB92 /* AppDelegate.m */,
				888AB8D8215229E100FFDB92 /* Main.storyboard */,
				888AB8DB215229E200FFDB92 /* Assets.xcassets */,
				888AB8DD215229E200FFDB92 /* LaunchScreen.storyboard */,
				888AB8E0215229E200FFDB92 /* Info.plist */,
				888AB90D215248C800FFDB92 /* emoji.plist */,
				888AB8E1215229E200FFDB92 /* main.m */,
			);
			path = EmojiKeyBoard;
			sourceTree = "<group>";
		};
		888AB8EA215229E200FFDB92 /* EmojiKeyBoardTests */ = {
			isa = PBXGroup;
			children = (
				888AB8EB215229E200FFDB92 /* EmojiKeyBoardTests.m */,
				888AB8ED215229E200FFDB92 /* Info.plist */,
			);
			path = EmojiKeyBoardTests;
			sourceTree = "<group>";
		};
		888AB8F5215229E200FFDB92 /* EmojiKeyBoardUITests */ = {
			isa = PBXGroup;
			children = (
				888AB8F6215229E200FFDB92 /* EmojiKeyBoardUITests.m */,
				888AB8F8215229E200FFDB92 /* Info.plist */,
			);
			path = EmojiKeyBoardUITests;
			sourceTree = "<group>";
		};
		888AB90B2152482000FFDB92 /* EmojiKeyBoard */ = {
			isa = PBXGroup;
			children = (
				88E225D921744461002063E6 /* View */,
				88E225D821744450002063E6 /* Controller */,
				88E225D72174441B002063E6 /* Model */,
			);
			path = EmojiKeyBoard;
			sourceTree = "<group>";
		};
		88E225D72174441B002063E6 /* Model */ = {
			isa = PBXGroup;
			children = (
				882862242183047700BDB83E /* BaseModel.h */,
				882862252183047700BDB83E /* BaseModel.m */,
				888AB9072152480E00FFDB92 /* EmojiItem.h */,
				888AB9082152480E00FFDB92 /* EmojiItem.m */,
				888ABAEF2159CAE500FFDB92 /* EmojiCategory.h */,
				888ABAF02159CAE500FFDB92 /* EmojiCategory.m */,
			);
			path = Model;
			sourceTree = "<group>";
		};
		88E225D821744450002063E6 /* Controller */ = {
			isa = PBXGroup;
			children = (
				888AB8D5215229E100FFDB92 /* ViewController.h */,
				888AB8D6215229E100FFDB92 /* ViewController.m */,
			);
			path = Controller;
			sourceTree = "<group>";
		};
		88E225D921744461002063E6 /* View */ = {
			isa = PBXGroup;
			children = (
				888AB904215245B100FFDB92 /* EmojiKeyboardView.h */,
				888AB905215245B100FFDB92 /* EmojiKeyboardView.m */,
				888ABAEC2153735100FFDB92 /* EmojiItemViewCell.h */,
				888ABAED2153735100FFDB92 /* EmojiItemViewCell.m */,
				88E225DA217467DB002063E6 /* SlideLineButton.h */,
				88E225DB217467DB002063E6 /* SlideLineButton.m */,
			);
			path = View;
			sourceTree = "<group>";
		};
		D0FAF7BF0999E5A19675CCFE /* Pods */ = {
			isa = PBXGroup;
			children = (
				10A041DAF0D7C38C1EFA8F8E /* Pods-EmojiKeyBoard.debug.xcconfig */,
				E80BECB6BF5E20FB9B076552 /* Pods-EmojiKeyBoard.release.xcconfig */,
				796EB23E15737C8699E3EAFC /* Pods-EmojiKeyBoardTests.debug.xcconfig */,
				6EC1D35EE74EA94F39A21CAE /* Pods-EmojiKeyBoardTests.release.xcconfig */,
				80174B85EFEF11081E248BAF /* Pods-EmojiKeyBoardUITests.debug.xcconfig */,
				7F45F7CD32A50A64022CAE25 /* Pods-EmojiKeyBoardUITests.release.xcconfig */,
			);
			name = Pods;
			sourceTree = "<group>";
		};
/* End PBXGroup section */

/* Begin PBXNativeTarget section */
		888AB8CE215229E100FFDB92 /* EmojiKeyBoard */ = {
			isa = PBXNativeTarget;
			buildConfigurationList = 888AB8FB215229E200FFDB92 /* Build configuration list for PBXNativeTarget "EmojiKeyBoard" */;
			buildPhases = (
				54D1E350D93AD4C6FF6422A8 /* [CP] Check Pods Manifest.lock */,
				888AB8CB215229E100FFDB92 /* Sources */,
				888AB8CC215229E100FFDB92 /* Frameworks */,
				888AB8CD215229E100FFDB92 /* Resources */,
			);
			buildRules = (
			);
			dependencies = (
			);
			name = EmojiKeyBoard;
			productName = EmojiKeyBoard;
			productReference = 888AB8CF215229E100FFDB92 /* EmojiKeyBoard.app */;
			productType = "com.apple.product-type.application";
		};
		888AB8E6215229E200FFDB92 /* EmojiKeyBoardTests */ = {
			isa = PBXNativeTarget;
			buildConfigurationList = 888AB8FE215229E200FFDB92 /* Build configuration list for PBXNativeTarget "EmojiKeyBoardTests" */;
			buildPhases = (
				8922C1E3FC9A5B30083DAADA /* [CP] Check Pods Manifest.lock */,
				888AB8E3215229E200FFDB92 /* Sources */,
				888AB8E4215229E200FFDB92 /* Frameworks */,
				888AB8E5215229E200FFDB92 /* Resources */,
			);
			buildRules = (
			);
			dependencies = (
				888AB8E9215229E200FFDB92 /* PBXTargetDependency */,
			);
			name = EmojiKeyBoardTests;
			productName = EmojiKeyBoardTests;
			productReference = 888AB8E7215229E200FFDB92 /* EmojiKeyBoardTests.xctest */;
			productType = "com.apple.product-type.bundle.unit-test";
		};
		888AB8F1215229E200FFDB92 /* EmojiKeyBoardUITests */ = {
			isa = PBXNativeTarget;
			buildConfigurationList = 888AB901215229E200FFDB92 /* Build configuration list for PBXNativeTarget "EmojiKeyBoardUITests" */;
			buildPhases = (
				688E466EF7C63420E72CF091 /* [CP] Check Pods Manifest.lock */,
				888AB8EE215229E200FFDB92 /* Sources */,
				888AB8EF215229E200FFDB92 /* Frameworks */,
				888AB8F0215229E200FFDB92 /* Resources */,
			);
			buildRules = (
			);
			dependencies = (
				888AB8F4215229E200FFDB92 /* PBXTargetDependency */,
			);
			name = EmojiKeyBoardUITests;
			productName = EmojiKeyBoardUITests;
			productReference = 888AB8F2215229E200FFDB92 /* EmojiKeyBoardUITests.xctest */;
			productType = "com.apple.product-type.bundle.ui-testing";
		};
/* End PBXNativeTarget section */

/* Begin PBXProject section */
		888AB8C7215229E100FFDB92 /* Project object */ = {
			isa = PBXProject;
			attributes = {
				LastUpgradeCheck = 0940;
				ORGANIZATIONNAME = zou;
				TargetAttributes = {
					888AB8CE215229E100FFDB92 = {
						CreatedOnToolsVersion = 9.4;
					};
					888AB8E6215229E200FFDB92 = {
						CreatedOnToolsVersion = 9.4;
						TestTargetID = 888AB8CE215229E100FFDB92;
					};
					888AB8F1215229E200FFDB92 = {
						CreatedOnToolsVersion = 9.4;
						TestTargetID = 888AB8CE215229E100FFDB92;
					};
				};
			};
			buildConfigurationList = 888AB8CA215229E100FFDB92 /* Build configuration list for PBXProject "EmojiKeyBoard" */;
			compatibilityVersion = "Xcode 9.3";
			developmentRegion = en;
			hasScannedForEncodings = 0;
			knownRegions = (
				en,
				Base,
			);
			mainGroup = 888AB8C6215229E100FFDB92;
			productRefGroup = 888AB8D0215229E100FFDB92 /* Products */;
			projectDirPath = "";
			projectRoot = "";
			targets = (
				888AB8CE215229E100FFDB92 /* EmojiKeyBoard */,
				888AB8E6215229E200FFDB92 /* EmojiKeyBoardTests */,
				888AB8F1215229E200FFDB92 /* EmojiKeyBoardUITests */,
			);
		};
/* End PBXProject section */

/* Begin PBXResourcesBuildPhase section */
		888AB8CD215229E100FFDB92 /* Resources */ = {
			isa = PBXResourcesBuildPhase;
			buildActionMask = 2147483647;
			files = (
				888AB8DF215229E200FFDB92 /* LaunchScreen.storyboard in Resources */,
				883C4FF3215B5F3100426B73 /* words.txt in Resources */,
				888AB90E215248C800FFDB92 /* emoji.plist in Resources */,
				883C4FF2215B5F3100426B73 /* emotion.txt in Resources */,
				888AB8DC215229E200FFDB92 /* Assets.xcassets in Resources */,
				888AB8DA215229E100FFDB92 /* Main.storyboard in Resources */,
			);
			runOnlyForDeploymentPostprocessing = 0;
		};
		888AB8E5215229E200FFDB92 /* Resources */ = {
			isa = PBXResourcesBuildPhase;
			buildActionMask = 2147483647;
			files = (
			);
			runOnlyForDeploymentPostprocessing = 0;
		};
		888AB8F0215229E200FFDB92 /* Resources */ = {
			isa = PBXResourcesBuildPhase;
			buildActionMask = 2147483647;
			files = (
			);
			runOnlyForDeploymentPostprocessing = 0;
		};
/* End PBXResourcesBuildPhase section */

/* Begin PBXShellScriptBuildPhase section */
		54D1E350D93AD4C6FF6422A8 /* [CP] Check Pods Manifest.lock */ = {
			isa = PBXShellScriptBuildPhase;
			buildActionMask = 2147483647;
			files = (
			);
			inputPaths = (
				"${PODS_PODFILE_DIR_PATH}/Podfile.lock",
				"${PODS_ROOT}/Manifest.lock",
			);
			name = "[CP] Check Pods Manifest.lock";
			outputPaths = (
				"$(DERIVED_FILE_DIR)/Pods-EmojiKeyBoard-checkManifestLockResult.txt",
			);
			runOnlyForDeploymentPostprocessing = 0;
			shellPath = /bin/sh;
			shellScript = "diff \"${PODS_PODFILE_DIR_PATH}/Podfile.lock\" \"${PODS_ROOT}/Manifest.lock\" > /dev/null\nif [ $? != 0 ] ; then\n    # print error to STDERR\n    echo \"error: The sandbox is not in sync with the Podfile.lock. Run 'pod install' or update your CocoaPods installation.\" >&2\n    exit 1\nfi\n# This output is used by Xcode 'outputs' to avoid re-running this script phase.\necho \"SUCCESS\" > \"${SCRIPT_OUTPUT_FILE_0}\"\n";
			showEnvVarsInLog = 0;
		};
		688E466EF7C63420E72CF091 /* [CP] Check Pods Manifest.lock */ = {
			isa = PBXShellScriptBuildPhase;
			buildActionMask = 2147483647;
			files = (
			);
			inputPaths = (
				"${PODS_PODFILE_DIR_PATH}/Podfile.lock",
				"${PODS_ROOT}/Manifest.lock",
			);
			name = "[CP] Check Pods Manifest.lock";
			outputPaths = (
				"$(DERIVED_FILE_DIR)/Pods-EmojiKeyBoardUITests-checkManifestLockResult.txt",
			);
			runOnlyForDeploymentPostprocessing = 0;
			shellPath = /bin/sh;
			shellScript = "diff \"${PODS_PODFILE_DIR_PATH}/Podfile.lock\" \"${PODS_ROOT}/Manifest.lock\" > /dev/null\nif [ $? != 0 ] ; then\n    # print error to STDERR\n    echo \"error: The sandbox is not in sync with the Podfile.lock. Run 'pod install' or update your CocoaPods installation.\" >&2\n    exit 1\nfi\n# This output is used by Xcode 'outputs' to avoid re-running this script phase.\necho \"SUCCESS\" > \"${SCRIPT_OUTPUT_FILE_0}\"\n";
			showEnvVarsInLog = 0;
		};
		8922C1E3FC9A5B30083DAADA /* [CP] Check Pods Manifest.lock */ = {
			isa = PBXShellScriptBuildPhase;
			buildActionMask = 2147483647;
			files = (
			);
			inputPaths = (
				"${PODS_PODFILE_DIR_PATH}/Podfile.lock",
				"${PODS_ROOT}/Manifest.lock",
			);
			name = "[CP] Check Pods Manifest.lock";
			outputPaths = (
				"$(DERIVED_FILE_DIR)/Pods-EmojiKeyBoardTests-checkManifestLockResult.txt",
			);
			runOnlyForDeploymentPostprocessing = 0;
			shellPath = /bin/sh;
			shellScript = "diff \"${PODS_PODFILE_DIR_PATH}/Podfile.lock\" \"${PODS_ROOT}/Manifest.lock\" > /dev/null\nif [ $? != 0 ] ; then\n    # print error to STDERR\n    echo \"error: The sandbox is not in sync with the Podfile.lock. Run 'pod install' or update your CocoaPods installation.\" >&2\n    exit 1\nfi\n# This output is used by Xcode 'outputs' to avoid re-running this script phase.\necho \"SUCCESS\" > \"${SCRIPT_OUTPUT_FILE_0}\"\n";
			showEnvVarsInLog = 0;
		};
/* End PBXShellScriptBuildPhase section */

/* Begin PBXSourcesBuildPhase section */
		888AB8CB215229E100FFDB92 /* Sources */ = {
			isa = PBXSourcesBuildPhase;
			buildActionMask = 2147483647;
			files = (
				888AB8D7215229E100FFDB92 /* ViewController.m in Sources */,
				888AB8E2215229E200FFDB92 /* main.m in Sources */,
				888AB9092152480E00FFDB92 /* EmojiItem.m in Sources */,
				88E225DC217467DB002063E6 /* SlideLineButton.m in Sources */,
				888AB906215245B100FFDB92 /* EmojiKeyboardView.m in Sources */,
				888ABAEE2153735100FFDB92 /* EmojiItemViewCell.m in Sources */,
				888AB8D4215229E100FFDB92 /* AppDelegate.m in Sources */,
				882862262183047700BDB83E /* BaseModel.m in Sources */,
				888ABAF12159CAE500FFDB92 /* EmojiCategory.m in Sources */,
			);
			runOnlyForDeploymentPostprocessing = 0;
		};
		888AB8E3215229E200FFDB92 /* Sources */ = {
			isa = PBXSourcesBuildPhase;
			buildActionMask = 2147483647;
			files = (
				888AB8EC215229E200FFDB92 /* EmojiKeyBoardTests.m in Sources */,
			);
			runOnlyForDeploymentPostprocessing = 0;
		};
		888AB8EE215229E200FFDB92 /* Sources */ = {
			isa = PBXSourcesBuildPhase;
			buildActionMask = 2147483647;
			files = (
				888AB8F7215229E200FFDB92 /* EmojiKeyBoardUITests.m in Sources */,
			);
			runOnlyForDeploymentPostprocessing = 0;
		};
/* End PBXSourcesBuildPhase section */

/* Begin PBXTargetDependency section */
		888AB8E9215229E200FFDB92 /* PBXTargetDependency */ = {
			isa = PBXTargetDependency;
			target = 888AB8CE215229E100FFDB92 /* EmojiKeyBoard */;
			targetProxy = 888AB8E8215229E200FFDB92 /* PBXContainerItemProxy */;
		};
		888AB8F4215229E200FFDB92 /* PBXTargetDependency */ = {
			isa = PBXTargetDependency;
			target = 888AB8CE215229E100FFDB92 /* EmojiKeyBoard */;
			targetProxy = 888AB8F3215229E200FFDB92 /* PBXContainerItemProxy */;
		};
/* End PBXTargetDependency section */

/* Begin PBXVariantGroup section */
		888AB8D8215229E100FFDB92 /* Main.storyboard */ = {
			isa = PBXVariantGroup;
			children = (
				888AB8D9215229E100FFDB92 /* Base */,
			);
			name = Main.storyboard;
			sourceTree = "<group>";
		};
		888AB8DD215229E200FFDB92 /* LaunchScreen.storyboard */ = {
			isa = PBXVariantGroup;
			children = (
				888AB8DE215229E200FFDB92 /* Base */,
			);
			name = LaunchScreen.storyboard;
			sourceTree = "<group>";
		};
/* End PBXVariantGroup section */

/* Begin XCBuildConfiguration section */
		888AB8F9215229E200FFDB92 /* Debug */ = {
			isa = XCBuildConfiguration;
			buildSettings = {
				ALWAYS_SEARCH_USER_PATHS = NO;
				CLANG_ANALYZER_NONNULL = YES;
				CLANG_ANALYZER_NUMBER_OBJECT_CONVERSION = YES_AGGRESSIVE;
				CLANG_CXX_LANGUAGE_STANDARD = "gnu++14";
				CLANG_CXX_LIBRARY = "libc++";
				CLANG_ENABLE_MODULES = YES;
				CLANG_ENABLE_OBJC_ARC = YES;
				CLANG_ENABLE_OBJC_WEAK = YES;
				CLANG_WARN_BLOCK_CAPTURE_AUTORELEASING = YES;
				CLANG_WARN_BOOL_CONVERSION = YES;
				CLANG_WARN_COMMA = YES;
				CLANG_WARN_CONSTANT_CONVERSION = YES;
				CLANG_WARN_DEPRECATED_OBJC_IMPLEMENTATIONS = YES;
				CLANG_WARN_DIRECT_OBJC_ISA_USAGE = YES_ERROR;
				CLANG_WARN_DOCUMENTATION_COMMENTS = YES;
				CLANG_WARN_EMPTY_BODY = YES;
				CLANG_WARN_ENUM_CONVERSION = YES;
				CLANG_WARN_INFINITE_RECURSION = YES;
				CLANG_WARN_INT_CONVERSION = YES;
				CLANG_WARN_NON_LITERAL_NULL_CONVERSION = YES;
				CLANG_WARN_OBJC_IMPLICIT_RETAIN_SELF = YES;
				CLANG_WARN_OBJC_LITERAL_CONVERSION = YES;
				CLANG_WARN_OBJC_ROOT_CLASS = YES_ERROR;
				CLANG_WARN_RANGE_LOOP_ANALYSIS = YES;
				CLANG_WARN_STRICT_PROTOTYPES = YES;
				CLANG_WARN_SUSPICIOUS_MOVE = YES;
				CLANG_WARN_UNGUARDED_AVAILABILITY = YES_AGGRESSIVE;
				CLANG_WARN_UNREACHABLE_CODE = YES;
				CLANG_WARN__DUPLICATE_METHOD_MATCH = YES;
				CODE_SIGN_IDENTITY = "iPhone Developer";
				COPY_PHASE_STRIP = NO;
				DEBUG_INFORMATION_FORMAT = dwarf;
				ENABLE_STRICT_OBJC_MSGSEND = YES;
				ENABLE_TESTABILITY = YES;
				GCC_C_LANGUAGE_STANDARD = gnu11;
				GCC_DYNAMIC_NO_PIC = NO;
				GCC_NO_COMMON_BLOCKS = YES;
				GCC_OPTIMIZATION_LEVEL = 0;
				GCC_PREPROCESSOR_DEFINITIONS = (
					"DEBUG=1",
					"$(inherited)",
				);
				GCC_WARN_64_TO_32_BIT_CONVERSION = YES;
				GCC_WARN_ABOUT_RETURN_TYPE = YES_ERROR;
				GCC_WARN_UNDECLARED_SELECTOR = YES;
				GCC_WARN_UNINITIALIZED_AUTOS = YES_AGGRESSIVE;
				GCC_WARN_UNUSED_FUNCTION = YES;
				GCC_WARN_UNUSED_VARIABLE = YES;
				IPHONEOS_DEPLOYMENT_TARGET = 11.4;
				MTL_ENABLE_DEBUG_INFO = YES;
				ONLY_ACTIVE_ARCH = YES;
				SDKROOT = iphoneos;
			};
			name = Debug;
		};
		888AB8FA215229E200FFDB92 /* Release */ = {
			isa = XCBuildConfiguration;
			buildSettings = {
				ALWAYS_SEARCH_USER_PATHS = NO;
				CLANG_ANALYZER_NONNULL = YES;
				CLANG_ANALYZER_NUMBER_OBJECT_CONVERSION = YES_AGGRESSIVE;
				CLANG_CXX_LANGUAGE_STANDARD = "gnu++14";
				CLANG_CXX_LIBRARY = "libc++";
				CLANG_ENABLE_MODULES = YES;
				CLANG_ENABLE_OBJC_ARC = YES;
				CLANG_ENABLE_OBJC_WEAK = YES;
				CLANG_WARN_BLOCK_CAPTURE_AUTORELEASING = YES;
				CLANG_WARN_BOOL_CONVERSION = YES;
				CLANG_WARN_COMMA = YES;
				CLANG_WARN_CONSTANT_CONVERSION = YES;
				CLANG_WARN_DEPRECATED_OBJC_IMPLEMENTATIONS = YES;
				CLANG_WARN_DIRECT_OBJC_ISA_USAGE = YES_ERROR;
				CLANG_WARN_DOCUMENTATION_COMMENTS = YES;
				CLANG_WARN_EMPTY_BODY = YES;
				CLANG_WARN_ENUM_CONVERSION = YES;
				CLANG_WARN_INFINITE_RECURSION = YES;
				CLANG_WARN_INT_CONVERSION = YES;
				CLANG_WARN_NON_LITERAL_NULL_CONVERSION = YES;
				CLANG_WARN_OBJC_IMPLICIT_RETAIN_SELF = YES;
				CLANG_WARN_OBJC_LITERAL_CONVERSION = YES;
				CLANG_WARN_OBJC_ROOT_CLASS = YES_ERROR;
				CLANG_WARN_RANGE_LOOP_ANALYSIS = YES;
				CLANG_WARN_STRICT_PROTOTYPES = YES;
				CLANG_WARN_SUSPICIOUS_MOVE = YES;
				CLANG_WARN_UNGUARDED_AVAILABILITY = YES_AGGRESSIVE;
				CLANG_WARN_UNREACHABLE_CODE = YES;
				CLANG_WARN__DUPLICATE_METHOD_MATCH = YES;
				CODE_SIGN_IDENTITY = "iPhone Developer";
				COPY_PHASE_STRIP = NO;
				DEBUG_INFORMATION_FORMAT = "dwarf-with-dsym";
				ENABLE_NS_ASSERTIONS = NO;
				ENABLE_STRICT_OBJC_MSGSEND = YES;
				GCC_C_LANGUAGE_STANDARD = gnu11;
				GCC_NO_COMMON_BLOCKS = YES;
				GCC_WARN_64_TO_32_BIT_CONVERSION = YES;
				GCC_WARN_ABOUT_RETURN_TYPE = YES_ERROR;
				GCC_WARN_UNDECLARED_SELECTOR = YES;
				GCC_WARN_UNINITIALIZED_AUTOS = YES_AGGRESSIVE;
				GCC_WARN_UNUSED_FUNCTION = YES;
				GCC_WARN_UNUSED_VARIABLE = YES;
				IPHONEOS_DEPLOYMENT_TARGET = 11.4;
				MTL_ENABLE_DEBUG_INFO = NO;
				SDKROOT = iphoneos;
				VALIDATE_PRODUCT = YES;
			};
			name = Release;
		};
		888AB8FC215229E200FFDB92 /* Debug */ = {
			isa = XCBuildConfiguration;
			baseConfigurationReference = 10A041DAF0D7C38C1EFA8F8E /* Pods-EmojiKeyBoard.debug.xcconfig */;
			buildSettings = {
				ASSETCATALOG_COMPILER_APPICON_NAME = AppIcon;
				CODE_SIGN_STYLE = Automatic;
				DEVELOPMENT_TEAM = 3YU327H4DR;
				ENABLE_BITCODE = NO;
				INFOPLIST_FILE = EmojiKeyBoard/Info.plist;
				IPHONEOS_DEPLOYMENT_TARGET = 9.0;
				LD_RUNPATH_SEARCH_PATHS = (
					"$(inherited)",
					"@executable_path/Frameworks",
				);
				LIBRARY_SEARCH_PATHS = "$(inherited)";
				OTHER_LDFLAGS = (
					"$(inherited)",
					"-ObjC",
					"-framework",
					"\"Foundation\"",
					"-framework",
					"\"UIKit\"",
				);
				PRODUCT_BUNDLE_IDENTIFIER = com.zou.EmojiKeyBoard;
				PRODUCT_NAME = "$(TARGET_NAME)";
				TARGETED_DEVICE_FAMILY = "1,2";
			};
			name = Debug;
		};
		888AB8FD215229E200FFDB92 /* Release */ = {
			isa = XCBuildConfiguration;
			baseConfigurationReference = E80BECB6BF5E20FB9B076552 /* Pods-EmojiKeyBoard.release.xcconfig */;
			buildSettings = {
				ASSETCATALOG_COMPILER_APPICON_NAME = AppIcon;
				CODE_SIGN_STYLE = Automatic;
				DEVELOPMENT_TEAM = 3YU327H4DR;
				ENABLE_BITCODE = NO;
				INFOPLIST_FILE = EmojiKeyBoard/Info.plist;
				IPHONEOS_DEPLOYMENT_TARGET = 9.0;
				LD_RUNPATH_SEARCH_PATHS = (
					"$(inherited)",
					"@executable_path/Frameworks",
				);
				LIBRARY_SEARCH_PATHS = "$(inherited)";
				OTHER_LDFLAGS = (
					"$(inherited)",
					"-ObjC",
					"-framework",
					"\"Foundation\"",
					"-framework",
					"\"UIKit\"",
				);
				PRODUCT_BUNDLE_IDENTIFIER = com.zou.EmojiKeyBoard;
				PRODUCT_NAME = "$(TARGET_NAME)";
				TARGETED_DEVICE_FAMILY = "1,2";
			};
			name = Release;
		};
		888AB8FF215229E200FFDB92 /* Debug */ = {
			isa = XCBuildConfiguration;
			baseConfigurationReference = 796EB23E15737C8699E3EAFC /* Pods-EmojiKeyBoardTests.debug.xcconfig */;
			buildSettings = {
				BUNDLE_LOADER = "$(TEST_HOST)";
				CODE_SIGN_STYLE = Automatic;
				DEVELOPMENT_TEAM = 3YU327H4DR;
				INFOPLIST_FILE = EmojiKeyBoardTests/Info.plist;
				LD_RUNPATH_SEARCH_PATHS = (
					"$(inherited)",
					"@executable_path/Frameworks",
					"@loader_path/Frameworks",
				);
				PRODUCT_BUNDLE_IDENTIFIER = com.zou.EmojiKeyBoardTests;
				PRODUCT_NAME = "$(TARGET_NAME)";
				TARGETED_DEVICE_FAMILY = "1,2";
				TEST_HOST = "$(BUILT_PRODUCTS_DIR)/EmojiKeyBoard.app/EmojiKeyBoard";
			};
			name = Debug;
		};
		888AB900215229E200FFDB92 /* Release */ = {
			isa = XCBuildConfiguration;
			baseConfigurationReference = 6EC1D35EE74EA94F39A21CAE /* Pods-EmojiKeyBoardTests.release.xcconfig */;
			buildSettings = {
				BUNDLE_LOADER = "$(TEST_HOST)";
				CODE_SIGN_STYLE = Automatic;
				DEVELOPMENT_TEAM = 3YU327H4DR;
				INFOPLIST_FILE = EmojiKeyBoardTests/Info.plist;
				LD_RUNPATH_SEARCH_PATHS = (
					"$(inherited)",
					"@executable_path/Frameworks",
					"@loader_path/Frameworks",
				);
				PRODUCT_BUNDLE_IDENTIFIER = com.zou.EmojiKeyBoardTests;
				PRODUCT_NAME = "$(TARGET_NAME)";
				TARGETED_DEVICE_FAMILY = "1,2";
				TEST_HOST = "$(BUILT_PRODUCTS_DIR)/EmojiKeyBoard.app/EmojiKeyBoard";
			};
			name = Release;
		};
		888AB902215229E200FFDB92 /* Debug */ = {
			isa = XCBuildConfiguration;
			baseConfigurationReference = 80174B85EFEF11081E248BAF /* Pods-EmojiKeyBoardUITests.debug.xcconfig */;
			buildSettings = {
				CODE_SIGN_STYLE = Automatic;
				DEVELOPMENT_TEAM = 3YU327H4DR;
				INFOPLIST_FILE = EmojiKeyBoardUITests/Info.plist;
				LD_RUNPATH_SEARCH_PATHS = (
					"$(inherited)",
					"@executable_path/Frameworks",
					"@loader_path/Frameworks",
				);
				PRODUCT_BUNDLE_IDENTIFIER = com.zou.EmojiKeyBoardUITests;
				PRODUCT_NAME = "$(TARGET_NAME)";
				TARGETED_DEVICE_FAMILY = "1,2";
				TEST_TARGET_NAME = EmojiKeyBoard;
			};
			name = Debug;
		};
		888AB903215229E200FFDB92 /* Release */ = {
			isa = XCBuildConfiguration;
			baseConfigurationReference = 7F45F7CD32A50A64022CAE25 /* Pods-EmojiKeyBoardUITests.release.xcconfig */;
			buildSettings = {
				CODE_SIGN_STYLE = Automatic;
				DEVELOPMENT_TEAM = 3YU327H4DR;
				INFOPLIST_FILE = EmojiKeyBoardUITests/Info.plist;
				LD_RUNPATH_SEARCH_PATHS = (
					"$(inherited)",
					"@executable_path/Frameworks",
					"@loader_path/Frameworks",
				);
				PRODUCT_BUNDLE_IDENTIFIER = com.zou.EmojiKeyBoardUITests;
				PRODUCT_NAME = "$(TARGET_NAME)";
				TARGETED_DEVICE_FAMILY = "1,2";
				TEST_TARGET_NAME = EmojiKeyBoard;
			};
			name = Release;
		};
/* End XCBuildConfiguration section */

/* Begin XCConfigurationList section */
		888AB8CA215229E100FFDB92 /* Build configuration list for PBXProject "EmojiKeyBoard" */ = {
			isa = XCConfigurationList;
			buildConfigurations = (
				888AB8F9215229E200FFDB92 /* Debug */,
				888AB8FA215229E200FFDB92 /* Release */,
			);
			defaultConfigurationIsVisible = 0;
			defaultConfigurationName = Release;
		};
		888AB8FB215229E200FFDB92 /* Build configuration list for PBXNativeTarget "EmojiKeyBoard" */ = {
			isa = XCConfigurationList;
			buildConfigurations = (
				888AB8FC215229E200FFDB92 /* Debug */,
				888AB8FD215229E200FFDB92 /* Release */,
			);
			defaultConfigurationIsVisible = 0;
			defaultConfigurationName = Release;
		};
		888AB8FE215229E200FFDB92 /* Build configuration list for PBXNativeTarget "EmojiKeyBoardTests" */ = {
			isa = XCConfigurationList;
			buildConfigurations = (
				888AB8FF215229E200FFDB92 /* Debug */,
				888AB900215229E200FFDB92 /* Release */,
			);
			defaultConfigurationIsVisible = 0;
			defaultConfigurationName = Release;
		};
		888AB901215229E200FFDB92 /* Build configuration list for PBXNativeTarget "EmojiKeyBoardUITests" */ = {
			isa = XCConfigurationList;
			buildConfigurations = (
				888AB902215229E200FFDB92 /* Debug */,
				888AB903215229E200FFDB92 /* Release */,
			);
			defaultConfigurationIsVisible = 0;
			defaultConfigurationName = Release;
		};
/* End XCConfigurationList section */
	};
	rootObject = 888AB8C7215229E100FFDB92 /* Project object */;
}
